
Microsoft Visual Studio Solution File, Format Version 12.00
# Visual Studio Version 16
VisualStudioVersion = 16.0.30406.217
MinimumVisualStudioVersion = 10.0.40219.1
Project("{FAE04EC0-301F-11D3-BF4B-00C04F79EFBC}") = "Test_project", "Test_project.csproj", "{020C5A78-7557-4E5C-B6CE-E93A2125317E}"
EndProject
Global
	GlobalSection(SolutionConfigurationPlatforms) = preSolution
		Debug|Any CPU = Debug|Any CPU
		Release|Any CPU = Release|Any CPU
	EndGlobalSection
	GlobalSection(ProjectConfigurationPlatforms) = postSolution
		{020C5A78-7557-4E5C-B6CE-E93A2125317E}.Debug|Any CPU.ActiveCfg = Debug|Any CPU
		{020C5A78-7557-4E5C-B6CE-E93A2125317E}.Debug|Any CPU.Build.0 = Debug|Any CPU
		{020C5A78-7557-4E5C-B6CE-E93A2125317E}.Release|Any CPU.ActiveCfg = Release|Any CPU
		{020C5A78-7557-4E5C-B6CE-E93A2125317E}.Release|Any CPU.Build.0 = Release|Any CPU
	EndGlobalSection
	GlobalSection(SolutionProperties) = preSolution
		HideSolutionNode = FALSE
	EndGlobalSection
	GlobalSection(ExtensibilityGlobals) = postSolution
		SolutionGuid = {CF328514-07E9-4B74-A5DA-746994575533}
	EndGlobalSection
EndGlobal
